{
  "nodes": {
    "flake-parts": {
      "inputs": {
        "nixpkgs-lib": [
          "nixpkgs"
        ]
      },
      "locked": {
        "lastModified": 1730504689,
        "narHash": "sha256-hgmguH29K2fvs9szpq2r3pz2/8cJd2LPS+b4tfNFCwE=",
        "path": "/nix/store/0jkywkv703f5izlqfh5jigzxws66mmhn-source",
        "rev": "506278e768c2a08bec68eb62932193e341f55c90",
        "type": "path"
      },
      "original": {
        "id": "flake-parts",
        "type": "indirect"
      }
    },
    "nixpkgs": {
      "locked": {
        "lastModified": 1732981179,
        "narHash": "sha256-F7thesZPvAMSwjRu0K8uFshTk3ZZSNAsXTIFvXBT+34=",
        "path": "/nix/store/ljk3wvwqqzbmz0pys49ii18qmsi5aibc-source",
        "rev": "62c435d93bf046a5396f3016472e8f7c8e2aed65",
        "type": "path"
      },
      "original": {
        "id": "nixpkgs",
        "type": "indirect"
      }
    },
    "root": {
      "inputs": {
        "flake-parts": "flake-parts",
        "nixpkgs": "nixpkgs",
        "rules_nixpkgs": "rules_nixpkgs"
      }
    },
    "rules_nixpkgs": {
      "flake": false,
      "locked": {
        "lastModified": 1733149529,
        "narHash": "sha256-T9QJw5uAP9+xjnFftuG5JFyeyubx8e6ncnd4sVb6g9E=",
        "owner": "tweag",
        "repo": "rules_nixpkgs",
        "rev": "4e169eefd4e9cf38a3569e0b463e93f0c7a3c181",
        "type": "github"
      },
      "original": {
        "owner": "tweag",
        "repo": "rules_nixpkgs",
        "type": "github"
      }
    }
  },
  "root": "root",
  "version": 7
}
